# This file is automatically @generated by Cargo.
# It is not intended for manual editing.
version = 4

[[package]]
name = "link_graph"
version = "0.1.0"

[[package]]
name = "markdown_parser"
version = "0.1.0"

[[package]]
name = "mditor"
version = "0.1.0"

[[package]]
name = "rope"
version = "0.1.0"

[[package]]
name = "text_buffer"
version = "0.1.0"

[[package]]
name = "ui"
version = "0.1.0"
